
Microsoft Visual Studio Solution File, Format Version 12.00
# Visual Studio 14
VisualStudioVersion = 14.0.23107.0
MinimumVisualStudioVersion = 10.0.40219.1
Project("{FAE04EC0-301F-11D3-BF4B-00C04F79EFBC}") = "T7EPreferences", "T7EPreferences\T7EPreferences.csproj", "{2B325B8E-06F0-4744-9C81-931760378A67}"
	ProjectSection(ProjectDependencies) = postProject
		{CE53747F-D2E6-4E1E-9EF4-A0AE02671B1D} = {CE53747F-D2E6-4E1E-9EF4-A0AE02671B1D}
		{AA0C00CB-8699-4F37-BFAE-40CA87ACC06D} = {AA0C00CB-8699-4F37-BFAE-40CA87ACC06D}
		{2E1FB0DF-F9BB-4909-9F32-2D9D022A8E57} = {2E1FB0DF-F9BB-4909-9F32-2D9D022A8E57}
	EndProjectSection
EndProject
Project("{FAE04EC0-301F-11D3-BF4B-00C04F79EFBC}") = "T7EBackground", "T7EBackground\T7EBackground.csproj", "{D3F91321-07F0-4EB1-93F0-AD68D05DEAD0}"
	ProjectSection(ProjectDependencies) = postProject
		{CE53747F-D2E6-4E1E-9EF4-A0AE02671B1D} = {CE53747F-D2E6-4E1E-9EF4-A0AE02671B1D}
		{AA0C00CB-8699-4F37-BFAE-40CA87ACC06D} = {AA0C00CB-8699-4F37-BFAE-40CA87ACC06D}
		{2E1FB0DF-F9BB-4909-9F32-2D9D022A8E57} = {2E1FB0DF-F9BB-4909-9F32-2D9D022A8E57}
	EndProjectSection
EndProject
Project("{FAE04EC0-301F-11D3-BF4B-00C04F79EFBC}") = "IconLib", "Libraries\IconLib\IconLib.csproj", "{CE53747F-D2E6-4E1E-9EF4-A0AE02671B1D}"
EndProject
Project("{FAE04EC0-301F-11D3-BF4B-00C04F79EFBC}") = "WindowsAPICodePack_Shell", "Libraries\WindowsAPICodePack\Shell\WindowsAPICodePack_Shell.csproj", "{AA0C00CB-8699-4F37-BFAE-40CA87ACC06D}"
	ProjectSection(ProjectDependencies) = postProject
		{2E1FB0DF-F9BB-4909-9F32-2D9D022A8E57} = {2E1FB0DF-F9BB-4909-9F32-2D9D022A8E57}
	EndProjectSection
EndProject
Project("{FAE04EC0-301F-11D3-BF4B-00C04F79EFBC}") = "WindowsAPICodePack_Core", "Libraries\WindowsAPICodePack\Core\WindowsAPICodePack_Core.csproj", "{2E1FB0DF-F9BB-4909-9F32-2D9D022A8E57}"
EndProject
Project("{FAE04EC0-301F-11D3-BF4B-00C04F79EFBC}") = "ImageComboBox", "Libraries\ImageComboBox\ImageComboBox.csproj", "{33D6FF5D-C30C-4976-B35D-98CDF7519BA0}"
EndProject
Project("{FAE04EC0-301F-11D3-BF4B-00C04F79EFBC}") = "T7ECommon", "T7ECommon\T7ECommon.csproj", "{7DF8C0C9-F89C-42BD-99B2-D5DCB13FA0BD}"
EndProject
Project("{FAE04EC0-301F-11D3-BF4B-00C04F79EFBC}") = "ICSharpCode.SharpZLib", "Libraries\SharpZLib\ICSharpCode.SharpZLib.csproj", "{0E7413FF-EB9E-4714-ACF2-BE3A6A7B2FFD}"
EndProject
Project("{FAE04EC0-301F-11D3-BF4B-00C04F79EFBC}") = "NSISInstaller", "NSISInstaller\NSISInstaller.csproj", "{FA341098-CDFB-45FB-A1D7-9F93CE4A8741}"
	ProjectSection(ProjectDependencies) = postProject
		{D3F91321-07F0-4EB1-93F0-AD68D05DEAD0} = {D3F91321-07F0-4EB1-93F0-AD68D05DEAD0}
		{E7CF6354-3CCF-4A03-9BE5-A8690348C091} = {E7CF6354-3CCF-4A03-9BE5-A8690348C091}
		{33D6FF5D-C30C-4976-B35D-98CDF7519BA0} = {33D6FF5D-C30C-4976-B35D-98CDF7519BA0}
		{B442457A-698C-458F-87DF-D37EA182F60E} = {B442457A-698C-458F-87DF-D37EA182F60E}
		{CE53747F-D2E6-4E1E-9EF4-A0AE02671B1D} = {CE53747F-D2E6-4E1E-9EF4-A0AE02671B1D}
		{2B325B8E-06F0-4744-9C81-931760378A67} = {2B325B8E-06F0-4744-9C81-931760378A67}
		{2E1FB0DF-F9BB-4909-9F32-2D9D022A8E57} = {2E1FB0DF-F9BB-4909-9F32-2D9D022A8E57}
		{0E7413FF-EB9E-4714-ACF2-BE3A6A7B2FFD} = {0E7413FF-EB9E-4714-ACF2-BE3A6A7B2FFD}
	EndProjectSection
EndProject
Project("{FAE04EC0-301F-11D3-BF4B-00C04F79EFBC}") = "KillT7E", "KillT7E\KillT7E.csproj", "{B442457A-698C-458F-87DF-D37EA182F60E}"
EndProject
Project("{FAE04EC0-301F-11D3-BF4B-00C04F79EFBC}") = "StartAHKElevated", "StartAHKElevated\StartAHKElevated.csproj", "{E7CF6354-3CCF-4A03-9BE5-A8690348C091}"
EndProject
Global
	GlobalSection(SolutionConfigurationPlatforms) = preSolution
		CodeAnalysisDebug|Any CPU = CodeAnalysisDebug|Any CPU
		CodeAnalysisDebug|Mixed Platforms = CodeAnalysisDebug|Mixed Platforms
		CodeAnalysisDebug|x86 = CodeAnalysisDebug|x86
		Debug|Any CPU = Debug|Any CPU
		Debug|Mixed Platforms = Debug|Mixed Platforms
		Debug|x86 = Debug|x86
		Release|Any CPU = Release|Any CPU
		Release|Mixed Platforms = Release|Mixed Platforms
		Release|x86 = Release|x86
	EndGlobalSection
	GlobalSection(ProjectConfigurationPlatforms) = postSolution
		{2B325B8E-06F0-4744-9C81-931760378A67}.CodeAnalysisDebug|Any CPU.ActiveCfg = Debug|Any CPU
		{2B325B8E-06F0-4744-9C81-931760378A67}.CodeAnalysisDebug|Any CPU.Build.0 = Debug|Any CPU
		{2B325B8E-06F0-4744-9C81-931760378A67}.CodeAnalysisDebug|Mixed Platforms.ActiveCfg = Debug|x86
		{2B325B8E-06F0-4744-9C81-931760378A67}.CodeAnalysisDebug|Mixed Platforms.Build.0 = Debug|x86
		{2B325B8E-06F0-4744-9C81-931760378A67}.CodeAnalysisDebug|x86.ActiveCfg = Debug|x86
		{2B325B8E-06F0-4744-9C81-931760378A67}.CodeAnalysisDebug|x86.Build.0 = Debug|x86
		{2B325B8E-06F0-4744-9C81-931760378A67}.Debug|Any CPU.ActiveCfg = Debug|Any CPU
		{2B325B8E-06F0-4744-9C81-931760378A67}.Debug|Any CPU.Build.0 = Debug|Any CPU
		{2B325B8E-06F0-4744-9C81-931760378A67}.Debug|Mixed Platforms.ActiveCfg = Debug|x86
		{2B325B8E-06F0-4744-9C81-931760378A67}.Debug|Mixed Platforms.Build.0 = Debug|x86
		{2B325B8E-06F0-4744-9C81-931760378A67}.Debug|x86.ActiveCfg = Debug|x86
		{2B325B8E-06F0-4744-9C81-931760378A67}.Debug|x86.Build.0 = Debug|x86
		{2B325B8E-06F0-4744-9C81-931760378A67}.Release|Any CPU.ActiveCfg = Release|Any CPU
		{2B325B8E-06F0-4744-9C81-931760378A67}.Release|Any CPU.Build.0 = Release|Any CPU
		{2B325B8E-06F0-4744-9C81-931760378A67}.Release|Mixed Platforms.ActiveCfg = Release|x86
		{2B325B8E-06F0-4744-9C81-931760378A67}.Release|Mixed Platforms.Build.0 = Release|x86
		{2B325B8E-06F0-4744-9C81-931760378A67}.Release|x86.ActiveCfg = Release|x86
		{2B325B8E-06F0-4744-9C81-931760378A67}.Release|x86.Build.0 = Release|x86
		{D3F91321-07F0-4EB1-93F0-AD68D05DEAD0}.CodeAnalysisDebug|Any CPU.ActiveCfg = Debug|Any CPU
		{D3F91321-07F0-4EB1-93F0-AD68D05DEAD0}.CodeAnalysisDebug|Any CPU.Build.0 = Debug|Any CPU
		{D3F91321-07F0-4EB1-93F0-AD68D05DEAD0}.CodeAnalysisDebug|Mixed Platforms.ActiveCfg = Debug|x86
		{D3F91321-07F0-4EB1-93F0-AD68D05DEAD0}.CodeAnalysisDebug|Mixed Platforms.Build.0 = Debug|x86
		{D3F91321-07F0-4EB1-93F0-AD68D05DEAD0}.CodeAnalysisDebug|x86.ActiveCfg = Debug|x86
		{D3F91321-07F0-4EB1-93F0-AD68D05DEAD0}.CodeAnalysisDebug|x86.Build.0 = Debug|x86
		{D3F91321-07F0-4EB1-93F0-AD68D05DEAD0}.Debug|Any CPU.ActiveCfg = Debug|Any CPU
		{D3F91321-07F0-4EB1-93F0-AD68D05DEAD0}.Debug|Any CPU.Build.0 = Debug|Any CPU
		{D3F91321-07F0-4EB1-93F0-AD68D05DEAD0}.Debug|Mixed Platforms.ActiveCfg = Debug|x86
		{D3F91321-07F0-4EB1-93F0-AD68D05DEAD0}.Debug|Mixed Platforms.Build.0 = Debug|x86
		{D3F91321-07F0-4EB1-93F0-AD68D05DEAD0}.Debug|x86.ActiveCfg = Debug|x86
		{D3F91321-07F0-4EB1-93F0-AD68D05DEAD0}.Debug|x86.Build.0 = Debug|x86
		{D3F91321-07F0-4EB1-93F0-AD68D05DEAD0}.Release|Any CPU.ActiveCfg = Release|Any CPU
		{D3F91321-07F0-4EB1-93F0-AD68D05DEAD0}.Release|Any CPU.Build.0 = Release|Any CPU
		{D3F91321-07F0-4EB1-93F0-AD68D05DEAD0}.Release|Mixed Platforms.ActiveCfg = Release|x86
		{D3F91321-07F0-4EB1-93F0-AD68D05DEAD0}.Release|Mixed Platforms.Build.0 = Release|x86
		{D3F91321-07F0-4EB1-93F0-AD68D05DEAD0}.Release|x86.ActiveCfg = Release|x86
		{D3F91321-07F0-4EB1-93F0-AD68D05DEAD0}.Release|x86.Build.0 = Release|x86
		{CE53747F-D2E6-4E1E-9EF4-A0AE02671B1D}.CodeAnalysisDebug|Any CPU.ActiveCfg = Debug|Any CPU
		{CE53747F-D2E6-4E1E-9EF4-A0AE02671B1D}.CodeAnalysisDebug|Any CPU.Build.0 = Debug|Any CPU
		{CE53747F-D2E6-4E1E-9EF4-A0AE02671B1D}.CodeAnalysisDebug|Mixed Platforms.ActiveCfg = Debug|x86
		{CE53747F-D2E6-4E1E-9EF4-A0AE02671B1D}.CodeAnalysisDebug|Mixed Platforms.Build.0 = Debug|x86
		{CE53747F-D2E6-4E1E-9EF4-A0AE02671B1D}.CodeAnalysisDebug|x86.ActiveCfg = Debug|x86
		{CE53747F-D2E6-4E1E-9EF4-A0AE02671B1D}.CodeAnalysisDebug|x86.Build.0 = Debug|x86
		{CE53747F-D2E6-4E1E-9EF4-A0AE02671B1D}.Debug|Any CPU.ActiveCfg = Debug|Any CPU
		{CE53747F-D2E6-4E1E-9EF4-A0AE02671B1D}.Debug|Any CPU.Build.0 = Debug|Any CPU
		{CE53747F-D2E6-4E1E-9EF4-A0AE02671B1D}.Debug|Mixed Platforms.ActiveCfg = Debug|x86
		{CE53747F-D2E6-4E1E-9EF4-A0AE02671B1D}.Debug|Mixed Platforms.Build.0 = Debug|x86
		{CE53747F-D2E6-4E1E-9EF4-A0AE02671B1D}.Debug|x86.ActiveCfg = Debug|x86
		{CE53747F-D2E6-4E1E-9EF4-A0AE02671B1D}.Debug|x86.Build.0 = Debug|x86
		{CE53747F-D2E6-4E1E-9EF4-A0AE02671B1D}.Release|Any CPU.ActiveCfg = Release|Any CPU
		{CE53747F-D2E6-4E1E-9EF4-A0AE02671B1D}.Release|Any CPU.Build.0 = Release|Any CPU
		{CE53747F-D2E6-4E1E-9EF4-A0AE02671B1D}.Release|Mixed Platforms.ActiveCfg = Release|x86
		{CE53747F-D2E6-4E1E-9EF4-A0AE02671B1D}.Release|Mixed Platforms.Build.0 = Release|x86
		{CE53747F-D2E6-4E1E-9EF4-A0AE02671B1D}.Release|x86.ActiveCfg = Release|x86
		{CE53747F-D2E6-4E1E-9EF4-A0AE02671B1D}.Release|x86.Build.0 = Release|x86
		{AA0C00CB-8699-4F37-BFAE-40CA87ACC06D}.CodeAnalysisDebug|Any CPU.ActiveCfg = CodeAnalysisDebug|Any CPU
		{AA0C00CB-8699-4F37-BFAE-40CA87ACC06D}.CodeAnalysisDebug|Any CPU.Build.0 = CodeAnalysisDebug|Any CPU
		{AA0C00CB-8699-4F37-BFAE-40CA87ACC06D}.CodeAnalysisDebug|Mixed Platforms.ActiveCfg = CodeAnalysisDebug|Any CPU
		{AA0C00CB-8699-4F37-BFAE-40CA87ACC06D}.CodeAnalysisDebug|Mixed Platforms.Build.0 = CodeAnalysisDebug|Any CPU
		{AA0C00CB-8699-4F37-BFAE-40CA87ACC06D}.CodeAnalysisDebug|x86.ActiveCfg = CodeAnalysisDebug|Any CPU
		{AA0C00CB-8699-4F37-BFAE-40CA87ACC06D}.CodeAnalysisDebug|x86.Build.0 = CodeAnalysisDebug|Any CPU
		{AA0C00CB-8699-4F37-BFAE-40CA87ACC06D}.Debug|Any CPU.ActiveCfg = Debug|Any CPU
		{AA0C00CB-8699-4F37-BFAE-40CA87ACC06D}.Debug|Any CPU.Build.0 = Debug|Any CPU
		{AA0C00CB-8699-4F37-BFAE-40CA87ACC06D}.Debug|Mixed Platforms.ActiveCfg = Debug|Any CPU
		{AA0C00CB-8699-4F37-BFAE-40CA87ACC06D}.Debug|Mixed Platforms.Build.0 = Debug|Any CPU
		{AA0C00CB-8699-4F37-BFAE-40CA87ACC06D}.Debug|x86.ActiveCfg = Debug|Any CPU
		{AA0C00CB-8699-4F37-BFAE-40CA87ACC06D}.Debug|x86.Build.0 = Debug|Any CPU
		{AA0C00CB-8699-4F37-BFAE-40CA87ACC06D}.Release|Any CPU.ActiveCfg = Release|Any CPU
		{AA0C00CB-8699-4F37-BFAE-40CA87ACC06D}.Release|Any CPU.Build.0 = Release|Any CPU
		{AA0C00CB-8699-4F37-BFAE-40CA87ACC06D}.Release|Mixed Platforms.ActiveCfg = Release|Any CPU
		{AA0C00CB-8699-4F37-BFAE-40CA87ACC06D}.Release|Mixed Platforms.Build.0 = Release|Any CPU
		{AA0C00CB-8699-4F37-BFAE-40CA87ACC06D}.Release|x86.ActiveCfg = Release|Any CPU
		{AA0C00CB-8699-4F37-BFAE-40CA87ACC06D}.Release|x86.Build.0 = Release|Any CPU
		{2E1FB0DF-F9BB-4909-9F32-2D9D022A8E57}.CodeAnalysisDebug|Any CPU.ActiveCfg = Debug|Any CPU
		{2E1FB0DF-F9BB-4909-9F32-2D9D022A8E57}.CodeAnalysisDebug|Any CPU.Build.0 = Debug|Any CPU
		{2E1FB0DF-F9BB-4909-9F32-2D9D022A8E57}.CodeAnalysisDebug|Mixed Platforms.ActiveCfg = Debug|Any CPU
		{2E1FB0DF-F9BB-4909-9F32-2D9D022A8E57}.CodeAnalysisDebug|Mixed Platforms.Build.0 = Debug|Any CPU
		{2E1FB0DF-F9BB-4909-9F32-2D9D022A8E57}.CodeAnalysisDebug|x86.ActiveCfg = Debug|Any CPU
		{2E1FB0DF-F9BB-4909-9F32-2D9D022A8E57}.CodeAnalysisDebug|x86.Build.0 = Debug|Any CPU
		{2E1FB0DF-F9BB-4909-9F32-2D9D022A8E57}.Debug|Any CPU.ActiveCfg = Debug|Any CPU
		{2E1FB0DF-F9BB-4909-9F32-2D9D022A8E57}.Debug|Any CPU.Build.0 = Debug|Any CPU
		{2E1FB0DF-F9BB-4909-9F32-2D9D022A8E57}.Debug|Mixed Platforms.ActiveCfg = Debug|Any CPU
		{2E1FB0DF-F9BB-4909-9F32-2D9D022A8E57}.Debug|Mixed Platforms.Build.0 = Debug|Any CPU
		{2E1FB0DF-F9BB-4909-9F32-2D9D022A8E57}.Debug|x86.ActiveCfg = Debug|Any CPU
		{2E1FB0DF-F9BB-4909-9F32-2D9D022A8E57}.Debug|x86.Build.0 = Debug|Any CPU
		{2E1FB0DF-F9BB-4909-9F32-2D9D022A8E57}.Release|Any CPU.ActiveCfg = Release|Any CPU
		{2E1FB0DF-F9BB-4909-9F32-2D9D022A8E57}.Release|Any CPU.Build.0 = Release|Any CPU
		{2E1FB0DF-F9BB-4909-9F32-2D9D022A8E57}.Release|Mixed Platforms.ActiveCfg = Release|Any CPU
		{2E1FB0DF-F9BB-4909-9F32-2D9D022A8E57}.Release|Mixed Platforms.Build.0 = Release|Any CPU
		{2E1FB0DF-F9BB-4909-9F32-2D9D022A8E57}.Release|x86.ActiveCfg = Release|Any CPU
		{2E1FB0DF-F9BB-4909-9F32-2D9D022A8E57}.Release|x86.Build.0 = Release|Any CPU
		{33D6FF5D-C30C-4976-B35D-98CDF7519BA0}.CodeAnalysisDebug|Any CPU.ActiveCfg = Debug|Any CPU
		{33D6FF5D-C30C-4976-B35D-98CDF7519BA0}.CodeAnalysisDebug|Any CPU.Build.0 = Debug|Any CPU
		{33D6FF5D-C30C-4976-B35D-98CDF7519BA0}.CodeAnalysisDebug|Mixed Platforms.ActiveCfg = Debug|x86
		{33D6FF5D-C30C-4976-B35D-98CDF7519BA0}.CodeAnalysisDebug|Mixed Platforms.Build.0 = Debug|x86
		{33D6FF5D-C30C-4976-B35D-98CDF7519BA0}.CodeAnalysisDebug|x86.ActiveCfg = Debug|x86
		{33D6FF5D-C30C-4976-B35D-98CDF7519BA0}.CodeAnalysisDebug|x86.Build.0 = Debug|x86
		{33D6FF5D-C30C-4976-B35D-98CDF7519BA0}.Debug|Any CPU.ActiveCfg = Debug|Any CPU
		{33D6FF5D-C30C-4976-B35D-98CDF7519BA0}.Debug|Any CPU.Build.0 = Debug|Any CPU
		{33D6FF5D-C30C-4976-B35D-98CDF7519BA0}.Debug|Mixed Platforms.ActiveCfg = Debug|x86
		{33D6FF5D-C30C-4976-B35D-98CDF7519BA0}.Debug|Mixed Platforms.Build.0 = Debug|x86
		{33D6FF5D-C30C-4976-B35D-98CDF7519BA0}.Debug|x86.ActiveCfg = Debug|x86
		{33D6FF5D-C30C-4976-B35D-98CDF7519BA0}.Debug|x86.Build.0 = Debug|x86
		{33D6FF5D-C30C-4976-B35D-98CDF7519BA0}.Release|Any CPU.ActiveCfg = Release|Any CPU
		{33D6FF5D-C30C-4976-B35D-98CDF7519BA0}.Release|Any CPU.Build.0 = Release|Any CPU
		{33D6FF5D-C30C-4976-B35D-98CDF7519BA0}.Release|Mixed Platforms.ActiveCfg = Release|x86
		{33D6FF5D-C30C-4976-B35D-98CDF7519BA0}.Release|Mixed Platforms.Build.0 = Release|x86
		{33D6FF5D-C30C-4976-B35D-98CDF7519BA0}.Release|x86.ActiveCfg = Release|x86
		{33D6FF5D-C30C-4976-B35D-98CDF7519BA0}.Release|x86.Build.0 = Release|x86
		{7DF8C0C9-F89C-42BD-99B2-D5DCB13FA0BD}.CodeAnalysisDebug|Any CPU.ActiveCfg = Debug|Any CPU
		{7DF8C0C9-F89C-42BD-99B2-D5DCB13FA0BD}.CodeAnalysisDebug|Any CPU.Build.0 = Debug|Any CPU
		{7DF8C0C9-F89C-42BD-99B2-D5DCB13FA0BD}.CodeAnalysisDebug|Mixed Platforms.ActiveCfg = Debug|Any CPU
		{7DF8C0C9-F89C-42BD-99B2-D5DCB13FA0BD}.CodeAnalysisDebug|Mixed Platforms.Build.0 = Debug|Any CPU
		{7DF8C0C9-F89C-42BD-99B2-D5DCB13FA0BD}.CodeAnalysisDebug|x86.ActiveCfg = Debug|Any CPU
		{7DF8C0C9-F89C-42BD-99B2-D5DCB13FA0BD}.Debug|Any CPU.ActiveCfg = Debug|Any CPU
		{7DF8C0C9-F89C-42BD-99B2-D5DCB13FA0BD}.Debug|Any CPU.Build.0 = Debug|Any CPU
		{7DF8C0C9-F89C-42BD-99B2-D5DCB13FA0BD}.Debug|Mixed Platforms.ActiveCfg = Debug|Any CPU
		{7DF8C0C9-F89C-42BD-99B2-D5DCB13FA0BD}.Debug|Mixed Platforms.Build.0 = Debug|Any CPU
		{7DF8C0C9-F89C-42BD-99B2-D5DCB13FA0BD}.Debug|x86.ActiveCfg = Debug|Any CPU
		{7DF8C0C9-F89C-42BD-99B2-D5DCB13FA0BD}.Release|Any CPU.ActiveCfg = Release|Any CPU
		{7DF8C0C9-F89C-42BD-99B2-D5DCB13FA0BD}.Release|Any CPU.Build.0 = Release|Any CPU
		{7DF8C0C9-F89C-42BD-99B2-D5DCB13FA0BD}.Release|Mixed Platforms.ActiveCfg = Release|Any CPU
		{7DF8C0C9-F89C-42BD-99B2-D5DCB13FA0BD}.Release|Mixed Platforms.Build.0 = Release|Any CPU
		{7DF8C0C9-F89C-42BD-99B2-D5DCB13FA0BD}.Release|x86.ActiveCfg = Release|Any CPU
		{0E7413FF-EB9E-4714-ACF2-BE3A6A7B2FFD}.CodeAnalysisDebug|Any CPU.ActiveCfg = Debug|Any CPU
		{0E7413FF-EB9E-4714-ACF2-BE3A6A7B2FFD}.CodeAnalysisDebug|Any CPU.Build.0 = Debug|Any CPU
		{0E7413FF-EB9E-4714-ACF2-BE3A6A7B2FFD}.CodeAnalysisDebug|Mixed Platforms.ActiveCfg = Debug|Any CPU
		{0E7413FF-EB9E-4714-ACF2-BE3A6A7B2FFD}.CodeAnalysisDebug|Mixed Platforms.Build.0 = Debug|Any CPU
		{0E7413FF-EB9E-4714-ACF2-BE3A6A7B2FFD}.CodeAnalysisDebug|x86.ActiveCfg = Debug|Any CPU
		{0E7413FF-EB9E-4714-ACF2-BE3A6A7B2FFD}.Debug|Any CPU.ActiveCfg = Debug|Any CPU
		{0E7413FF-EB9E-4714-ACF2-BE3A6A7B2FFD}.Debug|Any CPU.Build.0 = Debug|Any CPU
		{0E7413FF-EB9E-4714-ACF2-BE3A6A7B2FFD}.Debug|Mixed Platforms.ActiveCfg = Debug|Any CPU
		{0E7413FF-EB9E-4714-ACF2-BE3A6A7B2FFD}.Debug|Mixed Platforms.Build.0 = Debug|Any CPU
		{0E7413FF-EB9E-4714-ACF2-BE3A6A7B2FFD}.Debug|x86.ActiveCfg = Debug|Any CPU
		{0E7413FF-EB9E-4714-ACF2-BE3A6A7B2FFD}.Release|Any CPU.ActiveCfg = Release|Any CPU
		{0E7413FF-EB9E-4714-ACF2-BE3A6A7B2FFD}.Release|Any CPU.Build.0 = Release|Any CPU
		{0E7413FF-EB9E-4714-ACF2-BE3A6A7B2FFD}.Release|Mixed Platforms.ActiveCfg = Release|Any CPU
		{0E7413FF-EB9E-4714-ACF2-BE3A6A7B2FFD}.Release|Mixed Platforms.Build.0 = Release|Any CPU
		{0E7413FF-EB9E-4714-ACF2-BE3A6A7B2FFD}.Release|x86.ActiveCfg = Release|Any CPU
		{FA341098-CDFB-45FB-A1D7-9F93CE4A8741}.CodeAnalysisDebug|Any CPU.ActiveCfg = Debug|x86
		{FA341098-CDFB-45FB-A1D7-9F93CE4A8741}.CodeAnalysisDebug|Mixed Platforms.ActiveCfg = Debug|x86
		{FA341098-CDFB-45FB-A1D7-9F93CE4A8741}.CodeAnalysisDebug|Mixed Platforms.Build.0 = Debug|x86
		{FA341098-CDFB-45FB-A1D7-9F93CE4A8741}.CodeAnalysisDebug|x86.ActiveCfg = Debug|x86
		{FA341098-CDFB-45FB-A1D7-9F93CE4A8741}.CodeAnalysisDebug|x86.Build.0 = Debug|x86
		{FA341098-CDFB-45FB-A1D7-9F93CE4A8741}.Debug|Any CPU.ActiveCfg = Debug|Any CPU
		{FA341098-CDFB-45FB-A1D7-9F93CE4A8741}.Debug|Any CPU.Build.0 = Debug|Any CPU
		{FA341098-CDFB-45FB-A1D7-9F93CE4A8741}.Debug|Mixed Platforms.ActiveCfg = Debug|x86
		{FA341098-CDFB-45FB-A1D7-9F93CE4A8741}.Debug|Mixed Platforms.Build.0 = Debug|x86
		{FA341098-CDFB-45FB-A1D7-9F93CE4A8741}.Debug|x86.ActiveCfg = Debug|x86
		{FA341098-CDFB-45FB-A1D7-9F93CE4A8741}.Debug|x86.Build.0 = Debug|x86
		{FA341098-CDFB-45FB-A1D7-9F93CE4A8741}.Release|Any CPU.ActiveCfg = Release|Any CPU
		{FA341098-CDFB-45FB-A1D7-9F93CE4A8741}.Release|Mixed Platforms.ActiveCfg = Release|x86
		{FA341098-CDFB-45FB-A1D7-9F93CE4A8741}.Release|Mixed Platforms.Build.0 = Release|x86
		{FA341098-CDFB-45FB-A1D7-9F93CE4A8741}.Release|x86.ActiveCfg = Release|x86
		{FA341098-CDFB-45FB-A1D7-9F93CE4A8741}.Release|x86.Build.0 = Release|x86
		{B442457A-698C-458F-87DF-D37EA182F60E}.CodeAnalysisDebug|Any CPU.ActiveCfg = Debug|x86
		{B442457A-698C-458F-87DF-D37EA182F60E}.CodeAnalysisDebug|Mixed Platforms.ActiveCfg = Debug|x86
		{B442457A-698C-458F-87DF-D37EA182F60E}.CodeAnalysisDebug|Mixed Platforms.Build.0 = Debug|x86
		{B442457A-698C-458F-87DF-D37EA182F60E}.CodeAnalysisDebug|x86.ActiveCfg = Debug|x86
		{B442457A-698C-458F-87DF-D37EA182F60E}.CodeAnalysisDebug|x86.Build.0 = Debug|x86
		{B442457A-698C-458F-87DF-D37EA182F60E}.Debug|Any CPU.ActiveCfg = Debug|Any CPU
		{B442457A-698C-458F-87DF-D37EA182F60E}.Debug|Any CPU.Build.0 = Debug|Any CPU
		{B442457A-698C-458F-87DF-D37EA182F60E}.Debug|Mixed Platforms.ActiveCfg = Debug|x86
		{B442457A-698C-458F-87DF-D37EA182F60E}.Debug|Mixed Platforms.Build.0 = Debug|x86
		{B442457A-698C-458F-87DF-D37EA182F60E}.Debug|x86.ActiveCfg = Debug|x86
		{B442457A-698C-458F-87DF-D37EA182F60E}.Debug|x86.Build.0 = Debug|x86
		{B442457A-698C-458F-87DF-D37EA182F60E}.Release|Any CPU.ActiveCfg = Release|Any CPU
		{B442457A-698C-458F-87DF-D37EA182F60E}.Release|Any CPU.Build.0 = Release|Any CPU
		{B442457A-698C-458F-87DF-D37EA182F60E}.Release|Mixed Platforms.ActiveCfg = Release|x86
		{B442457A-698C-458F-87DF-D37EA182F60E}.Release|Mixed Platforms.Build.0 = Release|x86
		{B442457A-698C-458F-87DF-D37EA182F60E}.Release|x86.ActiveCfg = Release|x86
		{B442457A-698C-458F-87DF-D37EA182F60E}.Release|x86.Build.0 = Release|x86
		{E7CF6354-3CCF-4A03-9BE5-A8690348C091}.CodeAnalysisDebug|Any CPU.ActiveCfg = Debug|x86
		{E7CF6354-3CCF-4A03-9BE5-A8690348C091}.CodeAnalysisDebug|Mixed Platforms.ActiveCfg = Debug|x86
		{E7CF6354-3CCF-4A03-9BE5-A8690348C091}.CodeAnalysisDebug|Mixed Platforms.Build.0 = Debug|x86
		{E7CF6354-3CCF-4A03-9BE5-A8690348C091}.CodeAnalysisDebug|x86.ActiveCfg = Debug|x86
		{E7CF6354-3CCF-4A03-9BE5-A8690348C091}.CodeAnalysisDebug|x86.Build.0 = Debug|x86
		{E7CF6354-3CCF-4A03-9BE5-A8690348C091}.Debug|Any CPU.ActiveCfg = Debug|Any CPU
		{E7CF6354-3CCF-4A03-9BE5-A8690348C091}.Debug|Any CPU.Build.0 = Debug|Any CPU
		{E7CF6354-3CCF-4A03-9BE5-A8690348C091}.Debug|Mixed Platforms.ActiveCfg = Debug|x86
		{E7CF6354-3CCF-4A03-9BE5-A8690348C091}.Debug|Mixed Platforms.Build.0 = Debug|x86
		{E7CF6354-3CCF-4A03-9BE5-A8690348C091}.Debug|x86.ActiveCfg = Debug|x86
		{E7CF6354-3CCF-4A03-9BE5-A8690348C091}.Debug|x86.Build.0 = Debug|x86
		{E7CF6354-3CCF-4A03-9BE5-A8690348C091}.Release|Any CPU.ActiveCfg = Release|Any CPU
		{E7CF6354-3CCF-4A03-9BE5-A8690348C091}.Release|Any CPU.Build.0 = Release|Any CPU
		{E7CF6354-3CCF-4A03-9BE5-A8690348C091}.Release|Mixed Platforms.ActiveCfg = Release|x86
		{E7CF6354-3CCF-4A03-9BE5-A8690348C091}.Release|Mixed Platforms.Build.0 = Release|x86
		{E7CF6354-3CCF-4A03-9BE5-A8690348C091}.Release|x86.ActiveCfg = Release|x86
		{E7CF6354-3CCF-4A03-9BE5-A8690348C091}.Release|x86.Build.0 = Release|x86
	EndGlobalSection
	GlobalSection(SolutionProperties) = preSolution
		HideSolutionNode = FALSE
	EndGlobalSection
EndGlobal
